
Microsoft Visual Studio Solution File, Format Version 12.00
# Visual Studio Version 16
VisualStudioVersion = 16.0.810.17
MinimumVisualStudioVersion = 10.0.40219.1
Project("{FAE04EC0-301F-11D3-BF4B-00C04F79EFBC}") = "progtävling-tower-of-hanoi", "progtävling-tower-of-hanoi\progtävling-tower-of-hanoi.csproj", "{8B2A87BD-0852-4FC6-8E83-72687154361A}"
EndProject
Global
	GlobalSection(SolutionConfigurationPlatforms) = preSolution
		Debug|Any CPU = Debug|Any CPU
		Release|Any CPU = Release|Any CPU
	EndGlobalSection
	GlobalSection(ProjectConfigurationPlatforms) = postSolution
		{8B2A87BD-0852-4FC6-8E83-72687154361A}.Debug|Any CPU.ActiveCfg = Debug|Any CPU
		{8B2A87BD-0852-4FC6-8E83-72687154361A}.Debug|Any CPU.Build.0 = Debug|Any CPU
		{8B2A87BD-0852-4FC6-8E83-72687154361A}.Release|Any CPU.ActiveCfg = Release|Any CPU
		{8B2A87BD-0852-4FC6-8E83-72687154361A}.Release|Any CPU.Build.0 = Release|Any CPU
	EndGlobalSection
	GlobalSection(SolutionProperties) = preSolution
		HideSolutionNode = FALSE
	EndGlobalSection
	GlobalSection(ExtensibilityGlobals) = postSolution
		SolutionGuid = {16D3FE54-5000-404A-A61B-514AA39817BD}
	EndGlobalSection
EndGlobal
